
Microsoft Visual Studio Solution File, Format Version 12.00
# Visual Studio Version 16
VisualStudioVersion = 16.0.30104.148
MinimumVisualStudioVersion = 10.0.40219.1
Project("{9A19103F-16F7-4668-BE54-9A1E7A4F7556}") = "Ejercicio 1", "Mi nombre\Ejercicio 1.csproj", "{4C96A247-450C-41B5-9C1A-C5D917F140F7}"
EndProject
Project("{FAE04EC0-301F-11D3-BF4B-00C04F79EFBC}") = "ejercicio 2", "ejercicio 2\ejercicio 2.csproj", "{7E22F8BC-E75C-4785-B3A4-9BD7BAD7481A}"
EndProject
Project("{FAE04EC0-301F-11D3-BF4B-00C04F79EFBC}") = "Ejercicio 3", "Ejercicio 3\Ejercicio 3.csproj", "{3FB55F5E-C66B-46E2-BBBE-86C83A88D4CA}"
EndProject
Project("{FAE04EC0-301F-11D3-BF4B-00C04F79EFBC}") = "Ejercicio 4", "Ejercicio 4\Ejercicio 4.csproj", "{379F366F-A0A2-49E9-BC8C-29485EDA15D1}"
EndProject
Project("{FAE04EC0-301F-11D3-BF4B-00C04F79EFBC}") = "Ejercicio 5", "Ejercicio 5\Ejercicio 5.csproj", "{FC73840C-92D7-4C76-92D8-1335A838926C}"
EndProject
Project("{FAE04EC0-301F-11D3-BF4B-00C04F79EFBC}") = "Ejercicio 6", "Ejercicio 6\Ejercicio 6.csproj", "{510EC4C5-84B6-4826-A073-621FBBBD9609}"
EndProject
Project("{FAE04EC0-301F-11D3-BF4B-00C04F79EFBC}") = "Ejercicio 7", "Ejercicio 7\Ejercicio 7.csproj", "{74002A75-DBBD-470A-BFC4-C0E5B84CCE89}"
EndProject
Global
	GlobalSection(SolutionConfigurationPlatforms) = preSolution
		Debug|Any CPU = Debug|Any CPU
		Release|Any CPU = Release|Any CPU
	EndGlobalSection
	GlobalSection(ProjectConfigurationPlatforms) = postSolution
		{4C96A247-450C-41B5-9C1A-C5D917F140F7}.Debug|Any CPU.ActiveCfg = Debug|Any CPU
		{4C96A247-450C-41B5-9C1A-C5D917F140F7}.Debug|Any CPU.Build.0 = Debug|Any CPU
		{4C96A247-450C-41B5-9C1A-C5D917F140F7}.Release|Any CPU.ActiveCfg = Release|Any CPU
		{4C96A247-450C-41B5-9C1A-C5D917F140F7}.Release|Any CPU.Build.0 = Release|Any CPU
		{7E22F8BC-E75C-4785-B3A4-9BD7BAD7481A}.Debug|Any CPU.ActiveCfg = Debug|Any CPU
		{7E22F8BC-E75C-4785-B3A4-9BD7BAD7481A}.Debug|Any CPU.Build.0 = Debug|Any CPU
		{7E22F8BC-E75C-4785-B3A4-9BD7BAD7481A}.Release|Any CPU.ActiveCfg = Release|Any CPU
		{7E22F8BC-E75C-4785-B3A4-9BD7BAD7481A}.Release|Any CPU.Build.0 = Release|Any CPU
		{3FB55F5E-C66B-46E2-BBBE-86C83A88D4CA}.Debug|Any CPU.ActiveCfg = Debug|Any CPU
		{3FB55F5E-C66B-46E2-BBBE-86C83A88D4CA}.Debug|Any CPU.Build.0 = Debug|Any CPU
		{3FB55F5E-C66B-46E2-BBBE-86C83A88D4CA}.Release|Any CPU.ActiveCfg = Release|Any CPU
		{3FB55F5E-C66B-46E2-BBBE-86C83A88D4CA}.Release|Any CPU.Build.0 = Release|Any CPU
		{379F366F-A0A2-49E9-BC8C-29485EDA15D1}.Debug|Any CPU.ActiveCfg = Debug|Any CPU
		{379F366F-A0A2-49E9-BC8C-29485EDA15D1}.Debug|Any CPU.Build.0 = Debug|Any CPU
		{379F366F-A0A2-49E9-BC8C-29485EDA15D1}.Release|Any CPU.ActiveCfg = Release|Any CPU
		{379F366F-A0A2-49E9-BC8C-29485EDA15D1}.Release|Any CPU.Build.0 = Release|Any CPU
		{FC73840C-92D7-4C76-92D8-1335A838926C}.Debug|Any CPU.ActiveCfg = Debug|Any CPU
		{FC73840C-92D7-4C76-92D8-1335A838926C}.Debug|Any CPU.Build.0 = Debug|Any CPU
		{FC73840C-92D7-4C76-92D8-1335A838926C}.Release|Any CPU.ActiveCfg = Release|Any CPU
		{FC73840C-92D7-4C76-92D8-1335A838926C}.Release|Any CPU.Build.0 = Release|Any CPU
		{510EC4C5-84B6-4826-A073-621FBBBD9609}.Debug|Any CPU.ActiveCfg = Debug|Any CPU
		{510EC4C5-84B6-4826-A073-621FBBBD9609}.Debug|Any CPU.Build.0 = Debug|Any CPU
		{510EC4C5-84B6-4826-A073-621FBBBD9609}.Release|Any CPU.ActiveCfg = Release|Any CPU
		{510EC4C5-84B6-4826-A073-621FBBBD9609}.Release|Any CPU.Build.0 = Release|Any CPU
		{74002A75-DBBD-470A-BFC4-C0E5B84CCE89}.Debug|Any CPU.ActiveCfg = Debug|Any CPU
		{74002A75-DBBD-470A-BFC4-C0E5B84CCE89}.Debug|Any CPU.Build.0 = Debug|Any CPU
		{74002A75-DBBD-470A-BFC4-C0E5B84CCE89}.Release|Any CPU.ActiveCfg = Release|Any CPU
		{74002A75-DBBD-470A-BFC4-C0E5B84CCE89}.Release|Any CPU.Build.0 = Release|Any CPU
	EndGlobalSection
	GlobalSection(SolutionProperties) = preSolution
		HideSolutionNode = FALSE
	EndGlobalSection
	GlobalSection(ExtensibilityGlobals) = postSolution
		SolutionGuid = {49C049A6-D5A3-45EF-BD1D-6AAFA274BE8B}
	EndGlobalSection
EndGlobal
